
Microsoft Visual Studio Solution File, Format Version 12.00
# Visual Studio Version 16
VisualStudioVersion = 16.0.31105.61
MinimumVisualStudioVersion = 10.0.40219.1
Project("{9A19103F-16F7-4668-BE54-9A1E7A4F7556}") = "MyHR_Web", "MyHR_Web\MyHR_Web.csproj", "{D66DC906-219B-4B29-8BFE-978358A32221}"
EndProject
Global
	GlobalSection(SolutionConfigurationPlatforms) = preSolution
		Debug|Any CPU = Debug|Any CPU
		Release|Any CPU = Release|Any CPU
	EndGlobalSection
	GlobalSection(ProjectConfigurationPlatforms) = postSolution
		{D66DC906-219B-4B29-8BFE-978358A32221}.Debug|Any CPU.ActiveCfg = Debug|Any CPU
		{D66DC906-219B-4B29-8BFE-978358A32221}.Debug|Any CPU.Build.0 = Debug|Any CPU
		{D66DC906-219B-4B29-8BFE-978358A32221}.Release|Any CPU.ActiveCfg = Release|Any CPU
		{D66DC906-219B-4B29-8BFE-978358A32221}.Release|Any CPU.Build.0 = Release|Any CPU
	EndGlobalSection
	GlobalSection(SolutionProperties) = preSolution
		HideSolutionNode = FALSE
	EndGlobalSection
	GlobalSection(ExtensibilityGlobals) = postSolution
		SolutionGuid = {D66341C4-FFA2-43B6-8E8A-86643C639C75}
	EndGlobalSection
EndGlobal
